// !$*UTF8*$!
{
	archiveVersion = 1;
	classes = {
	};
	objectVersion = 46;
	objects = {

/* Begin PBXBuildFile section */
		1DF9356D6C4D4D5E87AC8F8B /* FISAppDelegate.m in Sources */ = {isa = PBXBuildFile; fileRef = 27DF75B723D846B98D488A85 /* FISAppDelegate.m */; };
		1E7AD04113A34475B2E9B738 /* Images.xcassets in Resources */ = {isa = PBXBuildFile; fileRef = F169F9FBBE5C4C5AAF8F0649 /* Images.xcassets */; };
		6CE536EB026F4A468CF75E26 /* main.m in Sources */ = {isa = PBXBuildFile; fileRef = 12736DA42EED4049854EBF74 /* main.m */; };
		C4A4C2536BC5BC0AD6AF983C /* libPods-unit_tests.a in Frameworks */ = {isa = PBXBuildFile; fileRef = FF447839AC4E49A687DCBEEA /* libPods-unit_tests.a */; };
		F276374702D740EEB9BA6623 /* Foundation.framework in Frameworks */ = {isa = PBXBuildFile; fileRef = 54BDE3AE0BB34D57A26B4F9F /* Foundation.framework */; };
/* End PBXBuildFile section */

/* Begin PBXContainerItemProxy section */
		D882BE2645154334AE05C259 /* PBXContainerItemProxy */ = {
			isa = PBXContainerItemProxy;
			containerPortal = 69AEE17D4C1B4C149BBFAA15 /* Project object */;
			proxyType = 1;
			remoteGlobalIDString = 294DE4AE178C4082B9DE4178;
			remoteInfo = "github-repo-search";
		};
/* End PBXContainerItemProxy section */

/* Begin PBXFileReference section */
		022597B965D843D883E557D8 /* github-repo-search.app */ = {isa = PBXFileReference; explicitFileType = wrapper.application; includeInIndex = 0; path = "github-repo-search.app"; sourceTree = BUILT_PRODUCTS_DIR; };
		049748E2061AA90E86AC5C60 /* Pods-unit_tests.debug.xcconfig */ = {isa = PBXFileReference; includeInIndex = 1; lastKnownFileType = text.xcconfig; name = "Pods-unit_tests.debug.xcconfig"; path = "Pods/Target Support Files/Pods-unit_tests/Pods-unit_tests.debug.xcconfig"; sourceTree = "<group>"; };
		12736DA42EED4049854EBF74 /* main.m */ = {isa = PBXFileReference; includeInIndex = 1; lastKnownFileType = sourcecode.c.objc; path = main.m; sourceTree = "<group>"; };
		27DF75B723D846B98D488A85 /* FISAppDelegate.m */ = {isa = PBXFileReference; includeInIndex = 1; lastKnownFileType = sourcecode.c.objc; path = FISAppDelegate.m; sourceTree = "<group>"; };
		30AC81BB115544E2A194CB3B /* github-repo-search-Info.plist */ = {isa = PBXFileReference; includeInIndex = 1; lastKnownFileType = text.plist.xml; path = "github-repo-search-Info.plist"; sourceTree = "<group>"; };
		41B570AC189D4196B243DFB4 /* FISAppDelegate.h */ = {isa = PBXFileReference; includeInIndex = 1; lastKnownFileType = sourcecode.c.h; path = FISAppDelegate.h; sourceTree = "<group>"; };
		54BDE3AE0BB34D57A26B4F9F /* Foundation.framework */ = {isa = PBXFileReference; lastKnownFileType = wrapper.framework; name = Foundation.framework; path = Platforms/iPhoneOS.platform/Developer/SDKs/iPhoneOS7.0.sdk/System/Library/Frameworks/Foundation.framework; sourceTree = DEVELOPER_DIR; };
		5E7DA3916EB12512DF5EBC8A /* Pods-unit_tests.release.xcconfig */ = {isa = PBXFileReference; includeInIndex = 1; lastKnownFileType = text.xcconfig; name = "Pods-unit_tests.release.xcconfig"; path = "Pods/Target Support Files/Pods-unit_tests/Pods-unit_tests.release.xcconfig"; sourceTree = "<group>"; };
		AA78C40F648B43709145822D /* UnitTests-Prefix.pch */ = {isa = PBXFileReference; includeInIndex = 1; lastKnownFileType = sourcecode.c.h; path = "UnitTests-Prefix.pch"; sourceTree = "<group>"; };
		B8408E2A30C146A5933820BD /* UnitTests.xctest */ = {isa = PBXFileReference; explicitFileType = wrapper.cfbundle; includeInIndex = 0; path = UnitTests.xctest; sourceTree = BUILT_PRODUCTS_DIR; };
		E48F4F2EAB1340208B04EA75 /* github-repo-search-Prefix.pch */ = {isa = PBXFileReference; includeInIndex = 1; lastKnownFileType = sourcecode.c.h; path = "github-repo-search-Prefix.pch"; sourceTree = "<group>"; };
		F169F9FBBE5C4C5AAF8F0649 /* Images.xcassets */ = {isa = PBXFileReference; includeInIndex = 1; lastKnownFileType = folder.assetcatalog; path = Images.xcassets; sourceTree = "<group>"; };
		F946449EDB064C81949629EC /* UnitTests-Info.plist */ = {isa = PBXFileReference; includeInIndex = 1; lastKnownFileType = text.plist.xml; path = "UnitTests-Info.plist"; sourceTree = "<group>"; };
		FF447839AC4E49A687DCBEEA /* libPods-unit_tests.a */ = {isa = PBXFileReference; explicitFileType = archive.ar; includeInIndex = 0; path = "libPods-unit_tests.a"; sourceTree = BUILT_PRODUCTS_DIR; };
/* End PBXFileReference section */

/* Begin PBXFrameworksBuildPhase section */
		7276FF5A52714DE287CA35B2 /* Frameworks */ = {
			isa = PBXFrameworksBuildPhase;
			buildActionMask = 2147483647;
			files = (
				F276374702D740EEB9BA6623 /* Foundation.framework in Frameworks */,
			);
			runOnlyForDeploymentPostprocessing = 0;
		};
		782D1060BF9D42A095D4B63F /* Frameworks */ = {
			isa = PBXFrameworksBuildPhase;
			buildActionMask = 2147483647;
			files = (
				C4A4C2536BC5BC0AD6AF983C /* libPods-unit_tests.a in Frameworks */,
			);
			runOnlyForDeploymentPostprocessing = 0;
		};
/* End PBXFrameworksBuildPhase section */

/* Begin PBXGroup section */
		2614157C7F904EC2A4F38217 /* Tests */ = {
			isa = PBXGroup;
			children = (
			);
			path = Tests;
			sourceTree = "<group>";
		};
		2B8CA9C5B10347C484F9E34C /* Frameworks */ = {
			isa = PBXGroup;
			children = (
				F7F6054D49334AF681737954 /* iOS */,
				FF447839AC4E49A687DCBEEA /* libPods-unit_tests.a */,
			);
			name = Frameworks;
			sourceTree = "<group>";
		};
		3535A424ED164F8DA5F42C53 /* Other-Sources */ = {
			isa = PBXGroup;
			children = (
				30AC81BB115544E2A194CB3B /* github-repo-search-Info.plist */,
				E48F4F2EAB1340208B04EA75 /* github-repo-search-Prefix.pch */,
				12736DA42EED4049854EBF74 /* main.m */,
			);
			path = "Other-Sources";
			sourceTree = "<group>";
		};
		5DA2A19A43B3407B91BD42A8 /* github-repo-search */ = {
			isa = PBXGroup;
			children = (
				41B570AC189D4196B243DFB4 /* FISAppDelegate.h */,
				27DF75B723D846B98D488A85 /* FISAppDelegate.m */,
				8A96D8E09E584A43B6C9B6A1 /* Resources */,
			);
			path = "github-repo-search";
			sourceTree = "<group>";
		};
		650D8A51C982476C96EE7EF6 /* UnitTests */ = {
			isa = PBXGroup;
			children = (
				A7C83BD066CA466AA687B75A /* Resources */,
				2614157C7F904EC2A4F38217 /* Tests */,
			);
			path = UnitTests;
			sourceTree = "<group>";
		};
		8A96D8E09E584A43B6C9B6A1 /* Resources */ = {
			isa = PBXGroup;
			children = (
				F169F9FBBE5C4C5AAF8F0649 /* Images.xcassets */,
				3535A424ED164F8DA5F42C53 /* Other-Sources */,
			);
			path = Resources;
			sourceTree = "<group>";
		};
		A7C83BD066CA466AA687B75A /* Resources */ = {
			isa = PBXGroup;
			children = (
				F946449EDB064C81949629EC /* UnitTests-Info.plist */,
				AA78C40F648B43709145822D /* UnitTests-Prefix.pch */,
			);
			path = Resources;
			sourceTree = "<group>";
		};
		BAD265F9EB3046C49D536D2C /* Products */ = {
			isa = PBXGroup;
			children = (
				022597B965D843D883E557D8 /* github-repo-search.app */,
				B8408E2A30C146A5933820BD /* UnitTests.xctest */,
			);
			name = Products;
			sourceTree = "<group>";
		};
		D9D05F56EA3FEC5F22A1D441 /* Pods */ = {
			isa = PBXGroup;
			children = (
				5E7DA3916EB12512DF5EBC8A /* Pods-unit_tests.release.xcconfig */,
				049748E2061AA90E86AC5C60 /* Pods-unit_tests.debug.xcconfig */,
			);
			name = Pods;
			sourceTree = "<group>";
		};
		E5CF45EB02EE47A49E3B5354 = {
			isa = PBXGroup;
			children = (
				5DA2A19A43B3407B91BD42A8 /* github-repo-search */,
				650D8A51C982476C96EE7EF6 /* UnitTests */,
				2B8CA9C5B10347C484F9E34C /* Frameworks */,
				BAD265F9EB3046C49D536D2C /* Products */,
				D9D05F56EA3FEC5F22A1D441 /* Pods */,
			);
			indentWidth = 4;
			sourceTree = "<group>";
			tabWidth = 4;
			usesTabs = 0;
		};
		F7F6054D49334AF681737954 /* iOS */ = {
			isa = PBXGroup;
			children = (
				54BDE3AE0BB34D57A26B4F9F /* Foundation.framework */,
			);
			name = iOS;
			sourceTree = "<group>";
		};
/* End PBXGroup section */

/* Begin PBXNativeTarget section */
		294DE4AE178C4082B9DE4178 /* github-repo-search */ = {
			isa = PBXNativeTarget;
			buildConfigurationList = 6A896EA1440E49FBB7269261 /* Build configuration list for PBXNativeTarget "github-repo-search" */;
			buildPhases = (
				39D6BD5A4C4248038B389BF0 /* Sources */,
				7276FF5A52714DE287CA35B2 /* Frameworks */,
				769DF9F333AB4DCD8D586A57 /* Resources */,
				CE3582FD58544557B13993DB /* Warn for TODO and FIXME comments */,
			);
			buildRules = (
			);
			dependencies = (
			);
			name = "github-repo-search";
			productName = "github-repo-search";
			productReference = 022597B965D843D883E557D8 /* github-repo-search.app */;
			productType = "com.apple.product-type.application";
		};
		5322F4007ECF43C89EA9AE29 /* UnitTests */ = {
			isa = PBXNativeTarget;
			buildConfigurationList = 5D0A0EF0410A40A6B4FEE44B /* Build configuration list for PBXNativeTarget "UnitTests" */;
			buildPhases = (
				5D86C6D7BC7D4042268C1A56 /* Check Pods Manifest.lock */,
				D66BC854D20E4D74A385BCDE /* Sources */,
				782D1060BF9D42A095D4B63F /* Frameworks */,
				79F9859A115B4EF39D1F3CA9 /* Resources */,
				F34B6282246654DF8A61FF95 /* Copy Pods Resources */,
			);
			buildRules = (
			);
			dependencies = (
				AE11B8B4029144CC91E3C0FD /* PBXTargetDependency */,
			);
			name = UnitTests;
			productName = UnitTests;
			productReference = B8408E2A30C146A5933820BD /* UnitTests.xctest */;
			productType = "com.apple.product-type.bundle.unit-test";
		};
/* End PBXNativeTarget section */

/* Begin PBXProject section */
		69AEE17D4C1B4C149BBFAA15 /* Project object */ = {
			isa = PBXProject;
			attributes = {
				CLASSPREFIX = FIS;
				LastUpgradeCheck = 0500;
				ORGANIZATIONNAME = "The Flatiron School";
			};
			buildConfigurationList = AC350D4793C24A959DEC5C9E /* Build configuration list for PBXProject "github-repo-search" */;
			compatibilityVersion = "Xcode 3.2";
			developmentRegion = English;
			hasScannedForEncodings = 0;
			knownRegions = (
				en,
			);
			mainGroup = E5CF45EB02EE47A49E3B5354;
			productRefGroup = BAD265F9EB3046C49D536D2C /* Products */;
			projectDirPath = "";
			projectRoot = "";
			targets = (
				294DE4AE178C4082B9DE4178 /* github-repo-search */,
				5322F4007ECF43C89EA9AE29 /* UnitTests */,
			);
		};
/* End PBXProject section */

/* Begin PBXResourcesBuildPhase section */
		769DF9F333AB4DCD8D586A57 /* Resources */ = {
			isa = PBXResourcesBuildPhase;
			buildActionMask = 2147483647;
			files = (
				1E7AD04113A34475B2E9B738 /* Images.xcassets in Resources */,
			);
			runOnlyForDeploymentPostprocessing = 0;
		};
		79F9859A115B4EF39D1F3CA9 /* Resources */ = {
			isa = PBXResourcesBuildPhase;
			buildActionMask = 2147483647;
			files = (
			);
			runOnlyForDeploymentPostprocessing = 0;
		};
/* End PBXResourcesBuildPhase section */

/* Begin PBXShellScriptBuildPhase section */
		5D86C6D7BC7D4042268C1A56 /* Check Pods Manifest.lock */ = {
			isa = PBXShellScriptBuildPhase;
			buildActionMask = 2147483647;
			files = (
			);
			inputPaths = (
			);
			name = "Check Pods Manifest.lock";
			outputPaths = (
			);
			runOnlyForDeploymentPostprocessing = 0;
			shellPath = /bin/sh;
			shellScript = "diff \"${PODS_ROOT}/../Podfile.lock\" \"${PODS_ROOT}/Manifest.lock\" > /dev/null\nif [[ $? != 0 ]] ; then\n    cat << EOM\nerror: The sandbox is not in sync with the Podfile.lock. Run 'pod install' or update your CocoaPods installation.\nEOM\n    exit 1\nfi\n";
			showEnvVarsInLog = 0;
		};
		CE3582FD58544557B13993DB /* Warn for TODO and FIXME comments */ = {
			isa = PBXShellScriptBuildPhase;
			buildActionMask = 2147483647;
			files = (
			);
			inputPaths = (
			);
			name = "Warn for TODO and FIXME comments";
			outputPaths = (
			);
			runOnlyForDeploymentPostprocessing = 0;
			shellPath = /bin/sh;
			shellScript = "KEYWORDS=\"TODO:|FIXME:|\\?\\?\\?:|\\!\\!\\!:\"\nFILE_EXTENSIONS=\"h|m|mm|c|cpp\"\nfind -E \"${SRCROOT}\" -ipath \"${SRCROOT}/pods\" -prune -o \\( -regex \".*\\.($FILE_EXTENSIONS)$\" \\) -print0 | xargs -0 egrep --with-filename --line-number --only-matching \"($KEYWORDS).*\\$\" | perl -p -e \"s/($KEYWORDS)/ warning: \\$1/\"\n";
		};
		F34B6282246654DF8A61FF95 /* Copy Pods Resources */ = {
			isa = PBXShellScriptBuildPhase;
			buildActionMask = 2147483647;
			files = (
			);
			inputPaths = (
			);
			name = "Copy Pods Resources";
			outputPaths = (
			);
			runOnlyForDeploymentPostprocessing = 0;
			shellPath = /bin/sh;
			shellScript = "\"${SRCROOT}/Pods/Target Support Files/Pods-unit_tests/Pods-unit_tests-resources.sh\"\n";
			showEnvVarsInLog = 0;
		};
/* End PBXShellScriptBuildPhase section */

/* Begin PBXSourcesBuildPhase section */
		39D6BD5A4C4248038B389BF0 /* Sources */ = {
			isa = PBXSourcesBuildPhase;
			buildActionMask = 2147483647;
			files = (
				1DF9356D6C4D4D5E87AC8F8B /* FISAppDelegate.m in Sources */,
				6CE536EB026F4A468CF75E26 /* main.m in Sources */,
			);
			runOnlyForDeploymentPostprocessing = 0;
		};
		D66BC854D20E4D74A385BCDE /* Sources */ = {
			isa = PBXSourcesBuildPhase;
			buildActionMask = 2147483647;
			files = (
			);
			runOnlyForDeploymentPostprocessing = 0;
		};
/* End PBXSourcesBuildPhase section */

/* Begin PBXTargetDependency section */
		AE11B8B4029144CC91E3C0FD /* PBXTargetDependency */ = {
			isa = PBXTargetDependency;
			target = 294DE4AE178C4082B9DE4178 /* github-repo-search */;
			targetProxy = D882BE2645154334AE05C259 /* PBXContainerItemProxy */;
		};
/* End PBXTargetDependency section */

/* Begin XCBuildConfiguration section */
		2CED6CF797A84CB1832A20EB /* Release */ = {
			isa = XCBuildConfiguration;
			buildSettings = {
				ALWAYS_SEARCH_USER_PATHS = NO;
				ASSETCATALOG_COMPILER_APPICON_NAME = AppIcon;
				ASSETCATALOG_COMPILER_LAUNCHIMAGE_NAME = LaunchImage;
				CLANG_CXX_LANGUAGE_STANDARD = "gnu++0x";
				CLANG_CXX_LIBRARY = "libc++";
				CLANG_ENABLE_MODULES = YES;
				CLANG_ENABLE_OBJC_ARC = YES;
				CLANG_WARN_BOOL_CONVERSION = YES;
				CLANG_WARN_CONSTANT_CONVERSION = YES;
				CLANG_WARN_DEPRECATED_OBJC_IMPLEMENTATIONS = YES;
				CLANG_WARN_DIRECT_OBJC_ISA_USAGE = YES_ERROR;
				CLANG_WARN_EMPTY_BODY = YES;
				CLANG_WARN_ENUM_CONVERSION = YES;
				CLANG_WARN_INT_CONVERSION = YES;
				CLANG_WARN_OBJC_IMPLICIT_RETAIN_SELF = YES;
				CLANG_WARN_OBJC_ROOT_CLASS = YES_ERROR;
				CLANG_WARN_SUSPICIOUS_IMPLICIT_CONVERSION = YES;
				"CODE_SIGN_IDENTITY[sdk=iphoneos*]" = "iPhone Developer";
				COPY_PHASE_STRIP = NO;
				ENABLE_NS_ASSERTIONS = NO;
				GCC_C_LANGUAGE_STANDARD = gnu99;
				GCC_WARN_64_TO_32_BIT_CONVERSION = YES;
				GCC_WARN_ABOUT_DEPRECATED_FUNCTIONS = YES;
				GCC_WARN_ABOUT_MISSING_FIELD_INITIALIZERS = YES;
				GCC_WARN_ABOUT_MISSING_NEWLINE = YES;
				GCC_WARN_ABOUT_RETURN_TYPE = YES;
				GCC_WARN_CHECK_SWITCH_STATEMENTS = YES;
				GCC_WARN_INITIALIZER_NOT_FULLY_BRACKETED = YES;
				GCC_WARN_MISSING_PARENTHESES = YES;
				GCC_WARN_SHADOW = YES;
				GCC_WARN_TYPECHECK_CALLS_TO_PRINTF = YES;
				GCC_WARN_UNDECLARED_SELECTOR = YES;
				GCC_WARN_UNINITIALIZED_AUTOS = YES;
				GCC_WARN_UNUSED_FUNCTION = YES;
				GCC_WARN_UNUSED_LABEL = YES;
				GCC_WARN_UNUSED_VALUE = YES;
				GCC_WARN_UNUSED_VARIABLE = YES;
				IPHONEOS_DEPLOYMENT_TARGET = 7.0;
				SDKROOT = iphoneos;
				VALIDATE_PRODUCT = YES;
			};
			name = Release;
		};
		3A5157A2643C4509A63C386E /* Debug */ = {
			isa = XCBuildConfiguration;
			buildSettings = {
				ALWAYS_SEARCH_USER_PATHS = NO;
				ASSETCATALOG_COMPILER_APPICON_NAME = AppIcon;
				ASSETCATALOG_COMPILER_LAUNCHIMAGE_NAME = LaunchImage;
				CLANG_CXX_LANGUAGE_STANDARD = "gnu++0x";
				CLANG_CXX_LIBRARY = "libc++";
				CLANG_ENABLE_MODULES = YES;
				CLANG_ENABLE_OBJC_ARC = YES;
				CLANG_WARN_BOOL_CONVERSION = YES;
				CLANG_WARN_CONSTANT_CONVERSION = YES;
				CLANG_WARN_DEPRECATED_OBJC_IMPLEMENTATIONS = YES;
				CLANG_WARN_DIRECT_OBJC_ISA_USAGE = YES_ERROR;
				CLANG_WARN_EMPTY_BODY = YES;
				CLANG_WARN_ENUM_CONVERSION = YES;
				CLANG_WARN_INT_CONVERSION = YES;
				CLANG_WARN_OBJC_IMPLICIT_RETAIN_SELF = YES;
				CLANG_WARN_OBJC_ROOT_CLASS = YES_ERROR;
				CLANG_WARN_SUSPICIOUS_IMPLICIT_CONVERSION = YES;
				"CODE_SIGN_IDENTITY[sdk=iphoneos*]" = "iPhone Developer";
				COPY_PHASE_STRIP = YES;
				GCC_C_LANGUAGE_STANDARD = gnu99;
				GCC_DYNAMIC_NO_PIC = NO;
				GCC_OPTIMIZATION_LEVEL = 0;
				GCC_PREPROCESSOR_DEFINITIONS = (
					"DEBUG=1",
					"$(inherited)",
				);
				GCC_SYMBOLS_PRIVATE_EXTERN = NO;
				GCC_WARN_64_TO_32_BIT_CONVERSION = YES;
				GCC_WARN_ABOUT_DEPRECATED_FUNCTIONS = YES;
				GCC_WARN_ABOUT_MISSING_FIELD_INITIALIZERS = YES;
				GCC_WARN_ABOUT_MISSING_NEWLINE = YES;
				GCC_WARN_ABOUT_RETURN_TYPE = YES;
				GCC_WARN_CHECK_SWITCH_STATEMENTS = YES;
				GCC_WARN_INITIALIZER_NOT_FULLY_BRACKETED = YES;
				GCC_WARN_MISSING_PARENTHESES = YES;
				GCC_WARN_SHADOW = YES;
				GCC_WARN_TYPECHECK_CALLS_TO_PRINTF = YES;
				GCC_WARN_UNDECLARED_SELECTOR = YES;
				GCC_WARN_UNINITIALIZED_AUTOS = YES;
				GCC_WARN_UNUSED_FUNCTION = YES;
				GCC_WARN_UNUSED_LABEL = YES;
				GCC_WARN_UNUSED_VALUE = YES;
				GCC_WARN_UNUSED_VARIABLE = YES;
				IPHONEOS_DEPLOYMENT_TARGET = 7.0;
				ONLY_ACTIVE_ARCH = YES;
				SDKROOT = iphoneos;
			};
			name = Debug;
		};
		59961A5EBE884D18B3C07E61 /* Debug */ = {
			isa = XCBuildConfiguration;
			buildSettings = {
				ALWAYS_SEARCH_USER_PATHS = NO;
				COPY_PHASE_STRIP = NO;
				DSTROOT = /tmp/xcodeproj.dst;
				GCC_C_LANGUAGE_STANDARD = gnu99;
				GCC_DYNAMIC_NO_PIC = NO;
				GCC_OPTIMIZATION_LEVEL = 0;
				GCC_PRECOMPILE_PREFIX_HEADER = YES;
				GCC_PREFIX_HEADER = "github-repo-search/Resources/Other-Sources/github-repo-search-Prefix.pch";
				GCC_PREPROCESSOR_DEFINITIONS = (
					"DEBUG=1",
					"$(inherited)",
				);
				GCC_SYMBOLS_PRIVATE_EXTERN = NO;
				GCC_VERSION = com.apple.compilers.llvm.clang.1_0;
				INFOPLIST_FILE = "github-repo-search/Resources/Other-Sources/github-repo-search-Info.plist";
				INSTALL_PATH = "$(BUILT_PRODUCTS_DIR)";
				PRODUCT_NAME = "$(TARGET_NAME)";
				PUBLIC_HEADERS_FOLDER_PATH = "$(TARGET_NAME)";
				SDKROOT = iphoneos;
			};
			name = Debug;
		};
		9A6D5FFB13EC48B4A83D43FC /* Debug */ = {
			isa = XCBuildConfiguration;
			baseConfigurationReference = 049748E2061AA90E86AC5C60 /* Pods-unit_tests.debug.xcconfig */;
			buildSettings = {
				BUNDLE_LOADER = "$(BUILT_PRODUCTS_DIR)/github-repo-search.app/github-repo-search";
				FRAMEWORK_SEARCH_PATHS = (
					"$(SDKROOT)/Developer/Library/Frameworks",
					"$(inherited)",
					"$(DEVELOPER_FRAMEWORKS_DIR)",
				);
				GCC_PREFIX_HEADER = "UnitTests/Resources/UnitTests-Prefix.pch";
				INFOPLIST_FILE = "UnitTests/Resources/UnitTests-Info.plist";
				PRODUCT_NAME = "$(TARGET_NAME)";
				SDKROOT = iphoneos;
				SKIP_INSTALL = YES;
				TEST_HOST = "$(BUNDLE_LOADER)";
				WRAPPER_EXTENSION = xctest;
			};
			name = Debug;
		};
		A788B9D180C548EBA3685DF0 /* Release */ = {
			isa = XCBuildConfiguration;
			baseConfigurationReference = 5E7DA3916EB12512DF5EBC8A /* Pods-unit_tests.release.xcconfig */;
			buildSettings = {
				BUNDLE_LOADER = "$(BUILT_PRODUCTS_DIR)/github-repo-search.app/github-repo-search";
				FRAMEWORK_SEARCH_PATHS = (
					"$(SDKROOT)/Developer/Library/Frameworks",
					"$(inherited)",
					"$(DEVELOPER_FRAMEWORKS_DIR)",
				);
				GCC_PREFIX_HEADER = "UnitTests/Resources/UnitTests-Prefix.pch";
				INFOPLIST_FILE = "UnitTests/Resources/UnitTests-Info.plist";
				PRODUCT_NAME = "$(TARGET_NAME)";
				SDKROOT = iphoneos;
				SKIP_INSTALL = YES;
				TEST_HOST = "$(BUNDLE_LOADER)";
				WRAPPER_EXTENSION = xctest;
			};
			name = Release;
		};
		D1ABFFDC5085475197A1C201 /* Release */ = {
			isa = XCBuildConfiguration;
			buildSettings = {
				ALWAYS_SEARCH_USER_PATHS = NO;
				COPY_PHASE_STRIP = YES;
				DSTROOT = /tmp/xcodeproj.dst;
				GCC_C_LANGUAGE_STANDARD = gnu99;
				GCC_PRECOMPILE_PREFIX_HEADER = YES;
				GCC_PREFIX_HEADER = "github-repo-search/Resources/Other-Sources/github-repo-search-Prefix.pch";
				GCC_VERSION = com.apple.compilers.llvm.clang.1_0;
				INFOPLIST_FILE = "github-repo-search/Resources/Other-Sources/github-repo-search-Info.plist";
				INSTALL_PATH = "$(BUILT_PRODUCTS_DIR)";
				OTHER_CFLAGS = (
					"-DNS_BLOCK_ASSERTIONS=1",
					"$(inherited)",
				);
				OTHER_CPLUSPLUSFLAGS = (
					"-DNS_BLOCK_ASSERTIONS=1",
					"$(inherited)",
				);
				PRODUCT_NAME = "$(TARGET_NAME)";
				PUBLIC_HEADERS_FOLDER_PATH = "$(TARGET_NAME)";
				SDKROOT = iphoneos;
				VALIDATE_PRODUCT = YES;
			};
			name = Release;
		};
/* End XCBuildConfiguration section */

/* Begin XCConfigurationList section */
		5D0A0EF0410A40A6B4FEE44B /* Build configuration list for PBXNativeTarget "UnitTests" */ = {
			isa = XCConfigurationList;
			buildConfigurations = (
				A788B9D180C548EBA3685DF0 /* Release */,
				9A6D5FFB13EC48B4A83D43FC /* Debug */,
			);
			defaultConfigurationIsVisible = 0;
			defaultConfigurationName = Release;
		};
		6A896EA1440E49FBB7269261 /* Build configuration list for PBXNativeTarget "github-repo-search" */ = {
			isa = XCConfigurationList;
			buildConfigurations = (
				D1ABFFDC5085475197A1C201 /* Release */,
				59961A5EBE884D18B3C07E61 /* Debug */,
			);
			defaultConfigurationIsVisible = 0;
			defaultConfigurationName = Release;
		};
		AC350D4793C24A959DEC5C9E /* Build configuration list for PBXProject "github-repo-search" */ = {
			isa = XCConfigurationList;
			buildConfigurations = (
				3A5157A2643C4509A63C386E /* Debug */,
				2CED6CF797A84CB1832A20EB /* Release */,
			);
			defaultConfigurationIsVisible = 0;
			defaultConfigurationName = Release;
		};
/* End XCConfigurationList section */
	};
	rootObject = 69AEE17D4C1B4C149BBFAA15 /* Project object */;
}
